
Microsoft Visual Studio Solution File, Format Version 12.00
# Visual Studio Version 17
VisualStudioVersion = 17.14.36401.2
MinimumVisualStudioVersion = 10.0.40219.1
Project("{2150E333-8FDC-42A3-9474-1A3956D46DE8}") = "src", "src", "{02EA681E-C7D8-13C7-8484-4AC65E1B71E8}"
EndProject
Project("{2150E333-8FDC-42A3-9474-1A3956D46DE8}") = "frameworks", "frameworks", "{DB50849F-2F1C-42D8-BC5C-D012721D7B20}"
EndProject
Project("{2150E333-8FDC-42A3-9474-1A3956D46DE8}") = "01.Domain", "01.Domain", "{188759EB-696F-4824-B690-FE40EE51133D}"
EndProject
Project("{2150E333-8FDC-42A3-9474-1A3956D46DE8}") = "02.Infrastructure", "02.Infrastructure", "{C35E2649-C511-48CD-ABA4-B406F4D4553C}"
EndProject
Project("{2150E333-8FDC-42A3-9474-1A3956D46DE8}") = "03.Presentation", "03.Presentation", "{7195F84B-941D-4696-9438-2FC54967412C}"
EndProject
Project("{2150E333-8FDC-42A3-9474-1A3956D46DE8}") = "Core", "Core", "{354ACEB7-1CBE-410F-8210-0CE911296511}"
EndProject
Project("{2150E333-8FDC-42A3-9474-1A3956D46DE8}") = "Service", "Service", "{4B1CDA93-27D6-4F6C-B793-63054E240AA9}"
EndProject
Project("{2150E333-8FDC-42A3-9474-1A3956D46DE8}") = "Db", "Db", "{BF4C7702-A441-4FAD-9EEB-B7AEA6C42121}"
EndProject
Project("{2150E333-8FDC-42A3-9474-1A3956D46DE8}") = "Data Access", "Data Access", "{206BCD10-7210-4670-9789-746D2137B9A3}"
EndProject
Project("{FAE04EC0-301F-11D3-BF4B-00C04F79EFBC}") = "HW20.Domain.Core", "src\01.Domain\Core\HW20.Domain.Core\HW20.Domain.Core.csproj", "{533D9934-AA59-EBDE-6F0E-6E945CDD6D51}"
EndProject
Project("{FAE04EC0-301F-11D3-BF4B-00C04F79EFBC}") = "HW20.Domain.Service.Services", "src\01.Domain\Service\HW20.Domain.Service.Services\HW20.Domain.Service.Services.csproj", "{50923D14-D305-8A7B-1046-B24218BFC72D}"
EndProject
Project("{FAE04EC0-301F-11D3-BF4B-00C04F79EFBC}") = "HW20.Domain.Service.ApplicationServices", "src\01.Domain\Service\HW20.Domain.Service.ApplicationServices\HW20.Domain.Service.ApplicationServices.csproj", "{11CAE967-E17D-9416-4CF5-FC490891A390}"
EndProject
Project("{FAE04EC0-301F-11D3-BF4B-00C04F79EFBC}") = "HW20.Infra.Data.Repos.Ef", "src\02.Infrastructure\Data Access\HW20.Infra.Data.Repos.Ef\HW20.Infra.Data.Repos.Ef.csproj", "{94096D00-C11E-78CE-B0A8-F490BC65A362}"
EndProject
Project("{FAE04EC0-301F-11D3-BF4B-00C04F79EFBC}") = "HW20.Infra.Db.SqlServer.Ef", "src\02.Infrastructure\Db\HW20.Infra.Db.SqlServer.Ef\HW20.Infra.Db.SqlServer.Ef.csproj", "{6CFA1DEE-0FD4-8729-A26E-15E50BB4B3FD}"
EndProject
Project("{FAE04EC0-301F-11D3-BF4B-00C04F79EFBC}") = "HW20.Presentation.RazorPages", "src\03.Presentation\HW20.Presentation.RazorPages\HW20.Presentation.RazorPages.csproj", "{1BB80E5A-CAC2-5FC9-E4BA-611DC1E3F55E}"
EndProject
Project("{FAE04EC0-301F-11D3-BF4B-00C04F79EFBC}") = "HW20.Framework", "framework\HW20.Framework\HW20.Framework.csproj", "{F3E10C0A-DBD9-4BC5-A1A2-D1BCC6E4B11B}"
EndProject
Global
	GlobalSection(SolutionConfigurationPlatforms) = preSolution
		Debug|Any CPU = Debug|Any CPU
		Release|Any CPU = Release|Any CPU
	EndGlobalSection
	GlobalSection(ProjectConfigurationPlatforms) = postSolution
		{533D9934-AA59-EBDE-6F0E-6E945CDD6D51}.Debug|Any CPU.ActiveCfg = Debug|Any CPU
		{533D9934-AA59-EBDE-6F0E-6E945CDD6D51}.Debug|Any CPU.Build.0 = Debug|Any CPU
		{533D9934-AA59-EBDE-6F0E-6E945CDD6D51}.Release|Any CPU.ActiveCfg = Release|Any CPU
		{533D9934-AA59-EBDE-6F0E-6E945CDD6D51}.Release|Any CPU.Build.0 = Release|Any CPU
		{50923D14-D305-8A7B-1046-B24218BFC72D}.Debug|Any CPU.ActiveCfg = Debug|Any CPU
		{50923D14-D305-8A7B-1046-B24218BFC72D}.Debug|Any CPU.Build.0 = Debug|Any CPU
		{50923D14-D305-8A7B-1046-B24218BFC72D}.Release|Any CPU.ActiveCfg = Release|Any CPU
		{50923D14-D305-8A7B-1046-B24218BFC72D}.Release|Any CPU.Build.0 = Release|Any CPU
		{11CAE967-E17D-9416-4CF5-FC490891A390}.Debug|Any CPU.ActiveCfg = Debug|Any CPU
		{11CAE967-E17D-9416-4CF5-FC490891A390}.Debug|Any CPU.Build.0 = Debug|Any CPU
		{11CAE967-E17D-9416-4CF5-FC490891A390}.Release|Any CPU.ActiveCfg = Release|Any CPU
		{11CAE967-E17D-9416-4CF5-FC490891A390}.Release|Any CPU.Build.0 = Release|Any CPU
		{94096D00-C11E-78CE-B0A8-F490BC65A362}.Debug|Any CPU.ActiveCfg = Debug|Any CPU
		{94096D00-C11E-78CE-B0A8-F490BC65A362}.Debug|Any CPU.Build.0 = Debug|Any CPU
		{94096D00-C11E-78CE-B0A8-F490BC65A362}.Release|Any CPU.ActiveCfg = Release|Any CPU
		{94096D00-C11E-78CE-B0A8-F490BC65A362}.Release|Any CPU.Build.0 = Release|Any CPU
		{6CFA1DEE-0FD4-8729-A26E-15E50BB4B3FD}.Debug|Any CPU.ActiveCfg = Debug|Any CPU
		{6CFA1DEE-0FD4-8729-A26E-15E50BB4B3FD}.Debug|Any CPU.Build.0 = Debug|Any CPU
		{6CFA1DEE-0FD4-8729-A26E-15E50BB4B3FD}.Release|Any CPU.ActiveCfg = Release|Any CPU
		{6CFA1DEE-0FD4-8729-A26E-15E50BB4B3FD}.Release|Any CPU.Build.0 = Release|Any CPU
		{1BB80E5A-CAC2-5FC9-E4BA-611DC1E3F55E}.Debug|Any CPU.ActiveCfg = Debug|Any CPU
		{1BB80E5A-CAC2-5FC9-E4BA-611DC1E3F55E}.Debug|Any CPU.Build.0 = Debug|Any CPU
		{1BB80E5A-CAC2-5FC9-E4BA-611DC1E3F55E}.Release|Any CPU.ActiveCfg = Release|Any CPU
		{1BB80E5A-CAC2-5FC9-E4BA-611DC1E3F55E}.Release|Any CPU.Build.0 = Release|Any CPU
		{F3E10C0A-DBD9-4BC5-A1A2-D1BCC6E4B11B}.Debug|Any CPU.ActiveCfg = Debug|Any CPU
		{F3E10C0A-DBD9-4BC5-A1A2-D1BCC6E4B11B}.Debug|Any CPU.Build.0 = Debug|Any CPU
		{F3E10C0A-DBD9-4BC5-A1A2-D1BCC6E4B11B}.Release|Any CPU.ActiveCfg = Release|Any CPU
		{F3E10C0A-DBD9-4BC5-A1A2-D1BCC6E4B11B}.Release|Any CPU.Build.0 = Release|Any CPU
	EndGlobalSection
	GlobalSection(SolutionProperties) = preSolution
		HideSolutionNode = FALSE
	EndGlobalSection
	GlobalSection(NestedProjects) = preSolution
		{188759EB-696F-4824-B690-FE40EE51133D} = {02EA681E-C7D8-13C7-8484-4AC65E1B71E8}
		{C35E2649-C511-48CD-ABA4-B406F4D4553C} = {02EA681E-C7D8-13C7-8484-4AC65E1B71E8}
		{7195F84B-941D-4696-9438-2FC54967412C} = {02EA681E-C7D8-13C7-8484-4AC65E1B71E8}
		{354ACEB7-1CBE-410F-8210-0CE911296511} = {188759EB-696F-4824-B690-FE40EE51133D}
		{4B1CDA93-27D6-4F6C-B793-63054E240AA9} = {188759EB-696F-4824-B690-FE40EE51133D}
		{BF4C7702-A441-4FAD-9EEB-B7AEA6C42121} = {C35E2649-C511-48CD-ABA4-B406F4D4553C}
		{206BCD10-7210-4670-9789-746D2137B9A3} = {C35E2649-C511-48CD-ABA4-B406F4D4553C}
		{533D9934-AA59-EBDE-6F0E-6E945CDD6D51} = {354ACEB7-1CBE-410F-8210-0CE911296511}
		{50923D14-D305-8A7B-1046-B24218BFC72D} = {4B1CDA93-27D6-4F6C-B793-63054E240AA9}
		{11CAE967-E17D-9416-4CF5-FC490891A390} = {4B1CDA93-27D6-4F6C-B793-63054E240AA9}
		{94096D00-C11E-78CE-B0A8-F490BC65A362} = {206BCD10-7210-4670-9789-746D2137B9A3}
		{6CFA1DEE-0FD4-8729-A26E-15E50BB4B3FD} = {BF4C7702-A441-4FAD-9EEB-B7AEA6C42121}
		{1BB80E5A-CAC2-5FC9-E4BA-611DC1E3F55E} = {7195F84B-941D-4696-9438-2FC54967412C}
		{F3E10C0A-DBD9-4BC5-A1A2-D1BCC6E4B11B} = {DB50849F-2F1C-42D8-BC5C-D012721D7B20}
	EndGlobalSection
	GlobalSection(ExtensibilityGlobals) = postSolution
		SolutionGuid = {6C2BD9E0-0FBB-4A20-9F75-02741B290F52}
	EndGlobalSection
EndGlobal
